
Microsoft Visual Studio Solution File, Format Version 12.00
# Visual Studio Version 17
VisualStudioVersion = 17.0.31903.59
MinimumVisualStudioVersion = 10.0.40219.1
Project("{9A19103F-16F7-4668-BE54-9A1E7A4F7556}") = "R3M.Financas.Api", "R3M.Financas.Api\R3M.Financas.Api.csproj", "{78824BEC-E3BB-4884-82B7-34865B19A424}"
EndProject
Project("{9A19103F-16F7-4668-BE54-9A1E7A4F7556}") = "R3M.Financas.Shared", "R3M.Financas.Shared\R3M.Financas.Shared.csproj", "{D245AAF1-4F07-41FE-BD61-0BC3104AB9DA}"
EndProject
Project("{9A19103F-16F7-4668-BE54-9A1E7A4F7556}") = "R3M.Financas.Client", "R3M.Financas.Client\R3M.Financas.Client.csproj", "{BCE93795-2428-45FC-BC16-1F33D76BD2E0}"
EndProject
Global
	GlobalSection(SolutionConfigurationPlatforms) = preSolution
		Debug|Any CPU = Debug|Any CPU
		Release|Any CPU = Release|Any CPU
	EndGlobalSection
	GlobalSection(ProjectConfigurationPlatforms) = postSolution
		{78824BEC-E3BB-4884-82B7-34865B19A424}.Debug|Any CPU.ActiveCfg = Debug|Any CPU
		{78824BEC-E3BB-4884-82B7-34865B19A424}.Debug|Any CPU.Build.0 = Debug|Any CPU
		{78824BEC-E3BB-4884-82B7-34865B19A424}.Release|Any CPU.ActiveCfg = Release|Any CPU
		{78824BEC-E3BB-4884-82B7-34865B19A424}.Release|Any CPU.Build.0 = Release|Any CPU
		{D245AAF1-4F07-41FE-BD61-0BC3104AB9DA}.Debug|Any CPU.ActiveCfg = Debug|Any CPU
		{D245AAF1-4F07-41FE-BD61-0BC3104AB9DA}.Debug|Any CPU.Build.0 = Debug|Any CPU
		{D245AAF1-4F07-41FE-BD61-0BC3104AB9DA}.Release|Any CPU.ActiveCfg = Release|Any CPU
		{D245AAF1-4F07-41FE-BD61-0BC3104AB9DA}.Release|Any CPU.Build.0 = Release|Any CPU
		{BCE93795-2428-45FC-BC16-1F33D76BD2E0}.Debug|Any CPU.ActiveCfg = Debug|Any CPU
		{BCE93795-2428-45FC-BC16-1F33D76BD2E0}.Debug|Any CPU.Build.0 = Debug|Any CPU
		{BCE93795-2428-45FC-BC16-1F33D76BD2E0}.Release|Any CPU.ActiveCfg = Release|Any CPU
		{BCE93795-2428-45FC-BC16-1F33D76BD2E0}.Release|Any CPU.Build.0 = Release|Any CPU
	EndGlobalSection
	GlobalSection(SolutionProperties) = preSolution
		HideSolutionNode = FALSE
	EndGlobalSection
EndGlobal
