
Microsoft Visual Studio Solution File, Format Version 12.00
# Visual Studio Version 17
VisualStudioVersion = 17.0.31903.59
MinimumVisualStudioVersion = 10.0.40219.1
Project("{FAE04EC0-301F-11D3-BF4B-00C04F79EFBC}") = "R3M.Financas.Api", "R3M.Financas.Api\R3M.Financas.Api.csproj", "{10EBA69A-D316-23AB-F461-E87686BB383E}"
EndProject
Project("{FAE04EC0-301F-11D3-BF4B-00C04F79EFBC}") = "R3M.Financas.Shared", "R3M.Financas.Shared\R3M.Financas.Shared.csproj", "{827CF2AA-7E18-3343-D9C2-E96E309438B9}"
EndProject
Project("{FAE04EC0-301F-11D3-BF4B-00C04F79EFBC}") = "R3M.Financas.Client", "R3M.Financas.Client\R3M.Financas.Client.csproj", "{EB0C25C1-013D-DA2E-E93B-827F540980B2}"
EndProject
Project("{2150E333-8FDC-42A3-9474-1A3956D46DE8}") = "tests", "tests", "{02EA681E-C7D8-13C7-8484-4AC65E1B71E8}"
EndProject
Project("{FAE04EC0-301F-11D3-BF4B-00C04F79EFBC}") = "R3M.Financas.UnitTests", "R3M.Financas.UnitTests\R3M.Financas.UnitTests.csproj", "{D538B97C-9CB2-4EDD-8CFF-E2F856E8118B}"
EndProject
Project("{FAE04EC0-301F-11D3-BF4B-00C04F79EFBC}") = "R3M.Financas.Shared.UnitTests", "R3M.Financas.Shared.UnitTests\R3M.Financas.Shared.UnitTests.csproj", "{E2E2DA7E-967D-4BFB-86C1-7286946B3145}"
EndProject
Global
	GlobalSection(SolutionConfigurationPlatforms) = preSolution
		Debug|Any CPU = Debug|Any CPU
		Release|Any CPU = Release|Any CPU
	EndGlobalSection
	GlobalSection(ProjectConfigurationPlatforms) = postSolution
		{10EBA69A-D316-23AB-F461-E87686BB383E}.Debug|Any CPU.ActiveCfg = Debug|Any CPU
		{10EBA69A-D316-23AB-F461-E87686BB383E}.Debug|Any CPU.Build.0 = Debug|Any CPU
		{10EBA69A-D316-23AB-F461-E87686BB383E}.Release|Any CPU.ActiveCfg = Release|Any CPU
		{10EBA69A-D316-23AB-F461-E87686BB383E}.Release|Any CPU.Build.0 = Release|Any CPU
		{827CF2AA-7E18-3343-D9C2-E96E309438B9}.Debug|Any CPU.ActiveCfg = Debug|Any CPU
		{827CF2AA-7E18-3343-D9C2-E96E309438B9}.Debug|Any CPU.Build.0 = Debug|Any CPU
		{827CF2AA-7E18-3343-D9C2-E96E309438B9}.Release|Any CPU.ActiveCfg = Release|Any CPU
		{827CF2AA-7E18-3343-D9C2-E96E309438B9}.Release|Any CPU.Build.0 = Release|Any CPU
		{EB0C25C1-013D-DA2E-E93B-827F540980B2}.Debug|Any CPU.ActiveCfg = Debug|Any CPU
		{EB0C25C1-013D-DA2E-E93B-827F540980B2}.Debug|Any CPU.Build.0 = Debug|Any CPU
		{EB0C25C1-013D-DA2E-E93B-827F540980B2}.Release|Any CPU.ActiveCfg = Release|Any CPU
		{EB0C25C1-013D-DA2E-E93B-827F540980B2}.Release|Any CPU.Build.0 = Release|Any CPU
		{D538B97C-9CB2-4EDD-8CFF-E2F856E8118B}.Debug|Any CPU.ActiveCfg = Debug|AnyCPU
		{D538B97C-9CB2-4EDD-8CFF-E2F856E8118B}.Debug|Any CPU.Build.0 = Debug|AnyCPU
		{D538B97C-9CB2-4EDD-8CFF-E2F856E8118B}.Release|Any CPU.ActiveCfg = Release|AnyCPU
		{D538B97C-9CB2-4EDD-8CFF-E2F856E8118B}.Release|Any CPU.Build.0 = Release|AnyCPU
		{E2E2DA7E-967D-4BFB-86C1-7286946B3145}.Debug|Any CPU.ActiveCfg = Debug|Any CPU
		{E2E2DA7E-967D-4BFB-86C1-7286946B3145}.Debug|Any CPU.Build.0 = Debug|Any CPU
		{E2E2DA7E-967D-4BFB-86C1-7286946B3145}.Release|Any CPU.ActiveCfg = Release|Any CPU
		{E2E2DA7E-967D-4BFB-86C1-7286946B3145}.Release|Any CPU.Build.0 = Release|Any CPU
	EndGlobalSection
	GlobalSection(SolutionProperties) = preSolution
		HideSolutionNode = FALSE
	EndGlobalSection
	GlobalSection(NestedProjects) = preSolution
		{D538B97C-9CB2-4EDD-8CFF-E2F856E8118B} = {02EA681E-C7D8-13C7-8484-4AC65E1B71E8}
		{E2E2DA7E-967D-4BFB-86C1-7286946B3145} = {02EA681E-C7D8-13C7-8484-4AC65E1B71E8}
	EndGlobalSection
	GlobalSection(ExtensibilityGlobals) = postSolution
		SolutionGuid = {7DF88E25-CA81-4874-B872-8679C3219500}
	EndGlobalSection
EndGlobal
